
Microsoft Visual Studio Solution File, Format Version 12.00
# Visual Studio Version 17
VisualStudioVersion = 17.11.35312.102
MinimumVisualStudioVersion = 10.0.40219.1
Project("{2150E333-8FDC-42A3-9474-1A3956D46DE8}") = "Data", "Data", "{F506DFAF-7834-4B6C-BC3E-3F029E9EB40B}"
EndProject
Project("{2150E333-8FDC-42A3-9474-1A3956D46DE8}") = "Shared", "Shared", "{F549691D-FAFE-411D-83AA-C0188DA2F9E9}"
EndProject
Project("{2150E333-8FDC-42A3-9474-1A3956D46DE8}") = "Systems", "Systems", "{C381BDCE-A3FC-43C6-B3DE-86C2C6EFF3A0}"
EndProject
Project("{2150E333-8FDC-42A3-9474-1A3956D46DE8}") = "Services", "Services", "{BECCB978-3EC3-4468-9589-20A76D344870}"
EndProject
Project("{9A19103F-16F7-4668-BE54-9A1E7A4F7556}") = "DepartmentTree.Common", "Shared\DepartmentTree.Common\DepartmentTree.Common.csproj", "{A719FF63-AA31-4C32-931F-F1020516DD97}"
EndProject
Project("{9A19103F-16F7-4668-BE54-9A1E7A4F7556}") = "DepartmentTree.Services.Logger", "Services\DepartmentTree.Services.Logger\DepartmentTree.Services.Logger.csproj", "{A6E07EF1-308B-480F-8FD4-5067124779A1}"
EndProject
Project("{9A19103F-16F7-4668-BE54-9A1E7A4F7556}") = "DepartmentTree.Services.Settings", "Services\DepartmentTree.Services.Settings\DepartmentTree.Services.Settings.csproj", "{6F2507E3-2671-456E-AA40-89C1CB209C2C}"
EndProject
Project("{9A19103F-16F7-4668-BE54-9A1E7A4F7556}") = "DepartmentTree.Context", "Data\DepartmentTree.Context\DepartmentTree.Context.csproj", "{4A5B591E-213F-4DB3-8073-DE29755C8EFE}"
EndProject
Project("{9A19103F-16F7-4668-BE54-9A1E7A4F7556}") = "DepartmentTree.Context.Entities", "Data\DepartmentTree.Context.Entities\DepartmentTree.Context.Entities.csproj", "{4D4431A5-25E4-4806-A386-45FE34B9511A}"
EndProject
Project("{9A19103F-16F7-4668-BE54-9A1E7A4F7556}") = "DepartmnetTree.Services.ServiceA", "Services\DepartmnetTree.Services.ServiceA\DepartmnetTree.Services.ServiceA.csproj", "{A215C4AF-175A-440C-8BAB-B3D06ACF7852}"
EndProject
Project("{9A19103F-16F7-4668-BE54-9A1E7A4F7556}") = "DepartmnetTree.Services.ServiceB", "Services\DepartmnetTree.Services.ServiceB\DepartmnetTree.Services.ServiceB.csproj", "{D0B37C14-CADB-44FA-B2B8-3B06A377FBFF}"
EndProject
Project("{2150E333-8FDC-42A3-9474-1A3956D46DE8}") = "Identity", "Identity", "{33D7D6D0-5877-465A-8F05-75B1F0209931}"
EndProject
Project("{9A19103F-16F7-4668-BE54-9A1E7A4F7556}") = "DepartmentTree.Identity", "Systems\Identity\DepartmentTree.Identity\DepartmentTree.Identity.csproj", "{5892FB7D-CBB7-4158-B0EA-04AC9E6774EB}"
EndProject
Project("{2150E333-8FDC-42A3-9474-1A3956D46DE8}") = "Api", "Api", "{9BC0196A-7C8B-4016-BE9A-0D1412B6C33E}"
EndProject
Project("{9A19103F-16F7-4668-BE54-9A1E7A4F7556}") = "DepartmentTree.ApiA", "Systems\Api\DepartmentTree.ApiA\DepartmentTree.ApiA.csproj", "{02E7C2D5-EC01-4343-8AEA-EE0B946FC3B5}"
EndProject
Project("{9A19103F-16F7-4668-BE54-9A1E7A4F7556}") = "DepartmentTree.ApiB", "Systems\Api\DepartmentTree.ApiB\DepartmentTree.ApiB.csproj", "{EF2B1477-C618-4014-8723-697BB0E226F2}"
EndProject
Global
	GlobalSection(SolutionConfigurationPlatforms) = preSolution
		Debug|Any CPU = Debug|Any CPU
		Release|Any CPU = Release|Any CPU
	EndGlobalSection
	GlobalSection(ProjectConfigurationPlatforms) = postSolution
		{A719FF63-AA31-4C32-931F-F1020516DD97}.Debug|Any CPU.ActiveCfg = Debug|Any CPU
		{A719FF63-AA31-4C32-931F-F1020516DD97}.Debug|Any CPU.Build.0 = Debug|Any CPU
		{A719FF63-AA31-4C32-931F-F1020516DD97}.Release|Any CPU.ActiveCfg = Release|Any CPU
		{A719FF63-AA31-4C32-931F-F1020516DD97}.Release|Any CPU.Build.0 = Release|Any CPU
		{A6E07EF1-308B-480F-8FD4-5067124779A1}.Debug|Any CPU.ActiveCfg = Debug|Any CPU
		{A6E07EF1-308B-480F-8FD4-5067124779A1}.Debug|Any CPU.Build.0 = Debug|Any CPU
		{A6E07EF1-308B-480F-8FD4-5067124779A1}.Release|Any CPU.ActiveCfg = Release|Any CPU
		{A6E07EF1-308B-480F-8FD4-5067124779A1}.Release|Any CPU.Build.0 = Release|Any CPU
		{6F2507E3-2671-456E-AA40-89C1CB209C2C}.Debug|Any CPU.ActiveCfg = Debug|Any CPU
		{6F2507E3-2671-456E-AA40-89C1CB209C2C}.Debug|Any CPU.Build.0 = Debug|Any CPU
		{6F2507E3-2671-456E-AA40-89C1CB209C2C}.Release|Any CPU.ActiveCfg = Release|Any CPU
		{6F2507E3-2671-456E-AA40-89C1CB209C2C}.Release|Any CPU.Build.0 = Release|Any CPU
		{4A5B591E-213F-4DB3-8073-DE29755C8EFE}.Debug|Any CPU.ActiveCfg = Debug|Any CPU
		{4A5B591E-213F-4DB3-8073-DE29755C8EFE}.Debug|Any CPU.Build.0 = Debug|Any CPU
		{4A5B591E-213F-4DB3-8073-DE29755C8EFE}.Release|Any CPU.ActiveCfg = Release|Any CPU
		{4A5B591E-213F-4DB3-8073-DE29755C8EFE}.Release|Any CPU.Build.0 = Release|Any CPU
		{4D4431A5-25E4-4806-A386-45FE34B9511A}.Debug|Any CPU.ActiveCfg = Debug|Any CPU
		{4D4431A5-25E4-4806-A386-45FE34B9511A}.Debug|Any CPU.Build.0 = Debug|Any CPU
		{4D4431A5-25E4-4806-A386-45FE34B9511A}.Release|Any CPU.ActiveCfg = Release|Any CPU
		{4D4431A5-25E4-4806-A386-45FE34B9511A}.Release|Any CPU.Build.0 = Release|Any CPU
		{A215C4AF-175A-440C-8BAB-B3D06ACF7852}.Debug|Any CPU.ActiveCfg = Debug|Any CPU
		{A215C4AF-175A-440C-8BAB-B3D06ACF7852}.Debug|Any CPU.Build.0 = Debug|Any CPU
		{A215C4AF-175A-440C-8BAB-B3D06ACF7852}.Release|Any CPU.ActiveCfg = Release|Any CPU
		{A215C4AF-175A-440C-8BAB-B3D06ACF7852}.Release|Any CPU.Build.0 = Release|Any CPU
		{D0B37C14-CADB-44FA-B2B8-3B06A377FBFF}.Debug|Any CPU.ActiveCfg = Debug|Any CPU
		{D0B37C14-CADB-44FA-B2B8-3B06A377FBFF}.Debug|Any CPU.Build.0 = Debug|Any CPU
		{D0B37C14-CADB-44FA-B2B8-3B06A377FBFF}.Release|Any CPU.ActiveCfg = Release|Any CPU
		{D0B37C14-CADB-44FA-B2B8-3B06A377FBFF}.Release|Any CPU.Build.0 = Release|Any CPU
		{5892FB7D-CBB7-4158-B0EA-04AC9E6774EB}.Debug|Any CPU.ActiveCfg = Debug|Any CPU
		{5892FB7D-CBB7-4158-B0EA-04AC9E6774EB}.Debug|Any CPU.Build.0 = Debug|Any CPU
		{5892FB7D-CBB7-4158-B0EA-04AC9E6774EB}.Release|Any CPU.ActiveCfg = Release|Any CPU
		{5892FB7D-CBB7-4158-B0EA-04AC9E6774EB}.Release|Any CPU.Build.0 = Release|Any CPU
		{02E7C2D5-EC01-4343-8AEA-EE0B946FC3B5}.Debug|Any CPU.ActiveCfg = Debug|Any CPU
		{02E7C2D5-EC01-4343-8AEA-EE0B946FC3B5}.Debug|Any CPU.Build.0 = Debug|Any CPU
		{02E7C2D5-EC01-4343-8AEA-EE0B946FC3B5}.Release|Any CPU.ActiveCfg = Release|Any CPU
		{02E7C2D5-EC01-4343-8AEA-EE0B946FC3B5}.Release|Any CPU.Build.0 = Release|Any CPU
		{EF2B1477-C618-4014-8723-697BB0E226F2}.Debug|Any CPU.ActiveCfg = Debug|Any CPU
		{EF2B1477-C618-4014-8723-697BB0E226F2}.Debug|Any CPU.Build.0 = Debug|Any CPU
		{EF2B1477-C618-4014-8723-697BB0E226F2}.Release|Any CPU.ActiveCfg = Release|Any CPU
		{EF2B1477-C618-4014-8723-697BB0E226F2}.Release|Any CPU.Build.0 = Release|Any CPU
	EndGlobalSection
	GlobalSection(SolutionProperties) = preSolution
		HideSolutionNode = FALSE
	EndGlobalSection
	GlobalSection(NestedProjects) = preSolution
		{A719FF63-AA31-4C32-931F-F1020516DD97} = {F549691D-FAFE-411D-83AA-C0188DA2F9E9}
		{A6E07EF1-308B-480F-8FD4-5067124779A1} = {BECCB978-3EC3-4468-9589-20A76D344870}
		{6F2507E3-2671-456E-AA40-89C1CB209C2C} = {BECCB978-3EC3-4468-9589-20A76D344870}
		{4A5B591E-213F-4DB3-8073-DE29755C8EFE} = {F506DFAF-7834-4B6C-BC3E-3F029E9EB40B}
		{4D4431A5-25E4-4806-A386-45FE34B9511A} = {F506DFAF-7834-4B6C-BC3E-3F029E9EB40B}
		{A215C4AF-175A-440C-8BAB-B3D06ACF7852} = {BECCB978-3EC3-4468-9589-20A76D344870}
		{D0B37C14-CADB-44FA-B2B8-3B06A377FBFF} = {BECCB978-3EC3-4468-9589-20A76D344870}
		{33D7D6D0-5877-465A-8F05-75B1F0209931} = {C381BDCE-A3FC-43C6-B3DE-86C2C6EFF3A0}
		{5892FB7D-CBB7-4158-B0EA-04AC9E6774EB} = {33D7D6D0-5877-465A-8F05-75B1F0209931}
		{9BC0196A-7C8B-4016-BE9A-0D1412B6C33E} = {C381BDCE-A3FC-43C6-B3DE-86C2C6EFF3A0}
		{02E7C2D5-EC01-4343-8AEA-EE0B946FC3B5} = {9BC0196A-7C8B-4016-BE9A-0D1412B6C33E}
		{EF2B1477-C618-4014-8723-697BB0E226F2} = {9BC0196A-7C8B-4016-BE9A-0D1412B6C33E}
	EndGlobalSection
	GlobalSection(ExtensibilityGlobals) = postSolution
		SolutionGuid = {12111015-481A-4301-A8FF-18C39043EE76}
	EndGlobalSection
EndGlobal
